# THIS IS AN AUTOGENERATED FILE. DO NOT EDIT THIS FILE DIRECTLY.
# yarn lockfile v1


"@codegouvfr/react-dsfr@^1.2.1":
  version "1.2.1"
  resolved "https://registry.yarnpkg.com/@codegouvfr/react-dsfr/-/react-dsfr-1.2.1.tgz#19b705163719de9b3d8ef94882a6e0aae8eb442c"
  integrity sha512-8TIQc9IObRGe/qfD0cPqHZM2vmLmIw0AVvIbEY9P+16vZijLxshXWNZlNlyupMxNlIs5MRrfsJVaRiGru+r20A==
  dependencies:
    tsafe "^1.6.3"

"@rescript/react@^0.11.0":
  version "0.11.0"
  resolved "https://registry.yarnpkg.com/@rescript/react/-/react-0.11.0.tgz#d2545546d823bdb8e6b59daa1790098d1666f79e"
  integrity sha512-RzoAO+3cJwXE2D7yodMo4tBO2EkeDYCN/I/Sj/yRweI3S1CY1ZBOF/GMcVtjeIurJJt7KMveqQXTaRrqoGZBBg==

"@types/bun@^1.0.3":
  version "1.0.3"
  resolved "https://registry.yarnpkg.com/@types/bun/-/bun-1.0.3.tgz#22d5747ff29fc68f0e6e3dd76023daad40f25f98"
  integrity sha512-sHp0vCkml/FTnJ2aY9wjMxbpsuB5WGg5hAtxfTjIHE5B8mXXWrnTChVl8HxCuvjG0ORP6vQ7XHYHBf1kPehEjw==
  dependencies:
    bun-types "1.0.24"

"@types/node@*":
  version "20.11.5"
  resolved "https://registry.yarnpkg.com/@types/node/-/node-20.11.5.tgz#be10c622ca7fcaa3cf226cf80166abc31389d86e"
  integrity sha512-g557vgQjUUfN76MZAN/dt1z3dzcUsimuysco0KeluHgrPdJXkP/XdAURgyO2W9fZWHRtRBiVKzKn8vyOAwlG+w==
  dependencies:
    undici-types "~5.26.4"

"@types/ws@*":
  version "8.5.10"
  resolved "https://registry.yarnpkg.com/@types/ws/-/ws-8.5.10.tgz#4acfb517970853fa6574a3a6886791d04a396787"
  integrity sha512-vmQSUcfalpIq0R9q7uTo2lXs6eGIpt9wtnLdMv9LVpIjCA/+ufZRozlVoVelIYixx1ugCBKDhn89vnsEGOCx9A==
  dependencies:
    "@types/node" "*"

bun-types@1.0.24:
  version "1.0.24"
  resolved "https://registry.yarnpkg.com/bun-types/-/bun-types-1.0.24.tgz#b347dc5f2d1a7c7988cd3ee4c211c13c4d4d785d"
  integrity sha512-nocKV7PwMtxDqUibC12H9hjKMuJjwz5CZLBq8qz/CP+BJGm+9XZeHNAuc3KTtUKkHTurV5vVrJnthuYooW0cAQ==
  dependencies:
    "@types/node" "*"
    "@types/ws" "*"
    undici-types "^5.26.4"

"js-tokens@^3.0.0 || ^4.0.0":
  version "4.0.0"
  resolved "https://registry.yarnpkg.com/js-tokens/-/js-tokens-4.0.0.tgz#19203fb59991df98e3a287050d4647cdeaf32499"
  integrity sha512-RdJUflcE3cUzKiMqQgsCu06FPu9UdIJO0beYbPhHN4k6apgJtifcoCtT9bcxOpYBtpD2kCM6Sbzg4CausW/PKQ==

loose-envify@^1.1.0:
  version "1.4.0"
  resolved "https://registry.yarnpkg.com/loose-envify/-/loose-envify-1.4.0.tgz#71ee51fa7be4caec1a63839f7e682d8132d30caf"
  integrity sha512-lyuxPGr/Wfhrlem2CL/UcnUc1zcqKAImBDzukY7Y5F/yQiNdko6+fRLevlw1HgMySw7f611UIY408EtxRSoK3Q==
  dependencies:
    js-tokens "^3.0.0 || ^4.0.0"

react@^18.2.0:
  version "18.2.0"
  resolved "https://registry.yarnpkg.com/react/-/react-18.2.0.tgz#555bd98592883255fa00de14f1151a917b5d77d5"
  integrity sha512-/3IjMdb2L9QbBdWiW5e3P2/npwMBaU9mHCSCUzNln0ZCYbcfTsGbTJrU/kGemdH2IWmB2ioZ+zkxtmq6g09fGQ==
  dependencies:
    loose-envify "^1.1.0"

rescript@^10.1.4:
  version "10.1.4"
  resolved "https://registry.yarnpkg.com/rescript/-/rescript-10.1.4.tgz#0f37710d371f32a704f17b4e804f66ce3c79a305"
  integrity sha512-FFKlS9AG/XrLepWsyw7B+A9DtQBPWEPDPDKghV831Y2KGbie+eeFBOS0xtRHp0xbt7S0N2Dm6hhX+kTZQ/3Ybg==

tsafe@^1.6.3:
  version "1.6.5"
  resolved "https://registry.yarnpkg.com/tsafe/-/tsafe-1.6.5.tgz#74943b69190069168a53d2accd6d07891cf1cce8"
  integrity sha512-895zss8xqqHKTc28sHGIfZKnt3C5jrstB1DyPr/h3/flK0zojsZUMQL1/W4ytdDW6KI4Oth62nb9rrxmA3s3Iw==

undici-types@^5.26.4:
  version "5.28.2"
  resolved "https://registry.yarnpkg.com/undici-types/-/undici-types-5.28.2.tgz#6d86278547d81c2cad72425cf275e8dfbaa8bc42"
  integrity sha512-W71OLwDqzIO0d3k07qg1xc7d4cX8SsSwuCO4bQ4V7ITwduXXie/lcImofabP5VV+NvuvSe8ovKvHVJcizVc1JA==

undici-types@~5.26.4:
  version "5.26.5"
  resolved "https://registry.yarnpkg.com/undici-types/-/undici-types-5.26.5.tgz#bcd539893d00b56e964fd2657a4866b221a65617"
  integrity sha512-JlCMO+ehdEIKqlFxk6IfVoAUVmgz7cU7zD/h9XZ0qzeosSHmUJVOzSQvvYSYWXkFXC+IfLKSIffhv0sVZup6pA==
